// !$*UTF8*$!
{
	archiveVersion = 1;
	classes = {
	};
	objectVersion = 56;
	objects = {

/* Begin PBXBuildFile section */
		BD0D95C12D3A2D48000EC12E /* winnerDetailData.swift in Sources */ = {isa = PBXBuildFile; fileRef = BD0D95C02D3A2D48000EC12E /* winnerDetailData.swift */; };
		BD0D95C72D3A3024000EC12E /* Notification.swift in Sources */ = {isa = PBXBuildFile; fileRef = BD0D95C62D3A3024000EC12E /* Notification.swift */; };
		BD0D95C92D3A3578000EC12E /* NotificationData.swift in Sources */ = {isa = PBXBuildFile; fileRef = BD0D95C82D3A3578000EC12E /* NotificationData.swift */; };
		BD0D95CB2D3A3584000EC12E /* NotificationViewModel.swift in Sources */ = {isa = PBXBuildFile; fileRef = BD0D95CA2D3A3584000EC12E /* NotificationViewModel.swift */; };
		BD0D95CD2D3A3903000EC12E /* NotificationCell.swift in Sources */ = {isa = PBXBuildFile; fileRef = BD0D95CC2D3A3903000EC12E /* NotificationCell.swift */; };
		BD0D95CF2D3A4E6E000EC12E /* OfferNotificationViewModel.swift in Sources */ = {isa = PBXBuildFile; fileRef = BD0D95CE2D3A4E6E000EC12E /* OfferNotificationViewModel.swift */; };
		BD0D95D12D3A4E9C000EC12E /* OfferNotificationData.swift in Sources */ = {isa = PBXBuildFile; fileRef = BD0D95D02D3A4E9C000EC12E /* OfferNotificationData.swift */; };
		BD0D95D32D3A5265000EC12E /* NotificationSectionHeader.swift in Sources */ = {isa = PBXBuildFile; fileRef = BD0D95D22D3A5265000EC12E /* NotificationSectionHeader.swift */; };
		BD0D95D52D3A52FF000EC12E /* OffersCell.swift in Sources */ = {isa = PBXBuildFile; fileRef = BD0D95D42D3A52FF000EC12E /* OffersCell.swift */; };
		BD5687A22D3E146300F89DFC /* OrderandReturn.swift in Sources */ = {isa = PBXBuildFile; fileRef = BD5687A12D3E146300F89DFC /* OrderandReturn.swift */; };
		BD5687A42D3E1BBB00F89DFC /* FloatingTextField.swift in Sources */ = {isa = PBXBuildFile; fileRef = BD5687A32D3E1BBA00F89DFC /* FloatingTextField.swift */; };
		BD5687A62D3E20C800F89DFC /* OrderFormData.swift in Sources */ = {isa = PBXBuildFile; fileRef = BD5687A52D3E20C800F89DFC /* OrderFormData.swift */; };
		BD5687A82D3E20DB00F89DFC /* OrderFormViewModel.swift in Sources */ = {isa = PBXBuildFile; fileRef = BD5687A72D3E20DB00F89DFC /* OrderFormViewModel.swift */; };
		BD5687AA2D3E218300F89DFC /* DropdownPicker.swift in Sources */ = {isa = PBXBuildFile; fileRef = BD5687A92D3E218300F89DFC /* DropdownPicker.swift */; };
		BD5687AC2D3E284B00F89DFC /* CommonButton.swift in Sources */ = {isa = PBXBuildFile; fileRef = BD5687AB2D3E284B00F89DFC /* CommonButton.swift */; };
		BD5687AE2D3E2D6500F89DFC /* ValidationManager.swift in Sources */ = {isa = PBXBuildFile; fileRef = BD5687AD2D3E2D6500F89DFC /* ValidationManager.swift */; };
		BD5687B02D3E2EB600F89DFC /* AlertManager.swift in Sources */ = {isa = PBXBuildFile; fileRef = BD5687AF2D3E2EB600F89DFC /* AlertManager.swift */; };
		BD5687B82D3E466E00F89DFC /* UserDetails.swift in Sources */ = {isa = PBXBuildFile; fileRef = BD5687B72D3E466E00F89DFC /* UserDetails.swift */; };
		BD5687BA2D3E473000F89DFC /* UserDetailsData.swift in Sources */ = {isa = PBXBuildFile; fileRef = BD5687B92D3E473000F89DFC /* UserDetailsData.swift */; };
		BD5687BC2D3E473E00F89DFC /* UserDetailsViewModel.swift in Sources */ = {isa = PBXBuildFile; fileRef = BD5687BB2D3E473E00F89DFC /* UserDetailsViewModel.swift */; };
		BD5687BE2D3E527200F89DFC /* TimePicker.swift in Sources */ = {isa = PBXBuildFile; fileRef = BD5687BD2D3E527200F89DFC /* TimePicker.swift */; };
		BDE254192D395B6A002F5D0E /* DemoAppApp.swift in Sources */ = {isa = PBXBuildFile; fileRef = BDE254182D395B6A002F5D0E /* DemoAppApp.swift */; };
		BDE2541B2D395B6A002F5D0E /* ContentView.swift in Sources */ = {isa = PBXBuildFile; fileRef = BDE2541A2D395B6A002F5D0E /* ContentView.swift */; };
		BDE2541D2D395B6C002F5D0E /* Assets.xcassets in Resources */ = {isa = PBXBuildFile; fileRef = BDE2541C2D395B6C002F5D0E /* Assets.xcassets */; };
		BDE254202D395B6C002F5D0E /* Preview Assets.xcassets in Resources */ = {isa = PBXBuildFile; fileRef = BDE2541F2D395B6C002F5D0E /* Preview Assets.xcassets */; };
		BDE2542E2D395F77002F5D0E /* AppRoute.swift in Sources */ = {isa = PBXBuildFile; fileRef = BDE2542D2D395F77002F5D0E /* AppRoute.swift */; };
		BDE254302D395FB9002F5D0E /* NavigationService.swift in Sources */ = {isa = PBXBuildFile; fileRef = BDE2542F2D395FB9002F5D0E /* NavigationService.swift */; };
		BDE2543A2D396192002F5D0E /* WinnerList.swift in Sources */ = {isa = PBXBuildFile; fileRef = BDE254392D396192002F5D0E /* WinnerList.swift */; };
		BDE2543C2D3961B7002F5D0E /* WinnerDetails.swift in Sources */ = {isa = PBXBuildFile; fileRef = BDE2543B2D3961B7002F5D0E /* WinnerDetails.swift */; };
		BDE254412D396CE3002F5D0E /* FontConstant.swift in Sources */ = {isa = PBXBuildFile; fileRef = BDE254402D396CE3002F5D0E /* FontConstant.swift */; };
		BDE254432D396D9D002F5D0E /* AppConstant.swift in Sources */ = {isa = PBXBuildFile; fileRef = BDE254422D396D9D002F5D0E /* AppConstant.swift */; };
		BDE254462D396E2C002F5D0E /* Text + Extensions.swift in Sources */ = {isa = PBXBuildFile; fileRef = BDE254452D396E2C002F5D0E /* Text + Extensions.swift */; };
		BDE254482D396F59002F5D0E /* Color + Extensions.swift in Sources */ = {isa = PBXBuildFile; fileRef = BDE254472D396F59002F5D0E /* Color + Extensions.swift */; };
		BDE2544B2D397036002F5D0E /* Text + Modifier.swift in Sources */ = {isa = PBXBuildFile; fileRef = BDE2544A2D397036002F5D0E /* Text + Modifier.swift */; };
		BDE254502D3976DD002F5D0E /* CustomHeader.swift in Sources */ = {isa = PBXBuildFile; fileRef = BDE2544F2D3976DD002F5D0E /* CustomHeader.swift */; };
		BDE254522D39785B002F5D0E /* ImageConstant.swift in Sources */ = {isa = PBXBuildFile; fileRef = BDE254512D39785B002F5D0E /* ImageConstant.swift */; };
		BDE254582D397D31002F5D0E /* Almarai-Bold.ttf in Resources */ = {isa = PBXBuildFile; fileRef = BDE254562D397B00002F5D0E /* Almarai-Bold.ttf */; };
		BDE254592D397D31002F5D0E /* Almarai-ExtraBold.ttf in Resources */ = {isa = PBXBuildFile; fileRef = BDE254572D397B00002F5D0E /* Almarai-ExtraBold.ttf */; };
		BDE2545A2D397D31002F5D0E /* Almarai-Light.ttf in Resources */ = {isa = PBXBuildFile; fileRef = BDE254542D397B00002F5D0E /* Almarai-Light.ttf */; };
		BDE2545B2D397D31002F5D0E /* Almarai-Regular.ttf in Resources */ = {isa = PBXBuildFile; fileRef = BDE254552D397B00002F5D0E /* Almarai-Regular.ttf */; };
		BDE2545D2D39800C002F5D0E /* WinnerListData.swift in Sources */ = {isa = PBXBuildFile; fileRef = BDE2545C2D39800C002F5D0E /* WinnerListData.swift */; };
		BDE2545F2D398092002F5D0E /* WinnerListViewModel.swift in Sources */ = {isa = PBXBuildFile; fileRef = BDE2545E2D398092002F5D0E /* WinnerListViewModel.swift */; };
		BDE254612D398170002F5D0E /* WinnerRowView.swift in Sources */ = {isa = PBXBuildFile; fileRef = BDE254602D398170002F5D0E /* WinnerRowView.swift */; };
/* End PBXBuildFile section */

/* Begin PBXFileReference section */
		BD0D95C02D3A2D48000EC12E /* winnerDetailData.swift */ = {isa = PBXFileReference; lastKnownFileType = sourcecode.swift; path = winnerDetailData.swift; sourceTree = "<group>"; };
		BD0D95C62D3A3024000EC12E /* Notification.swift */ = {isa = PBXFileReference; lastKnownFileType = sourcecode.swift; path = Notification.swift; sourceTree = "<group>"; };
		BD0D95C82D3A3578000EC12E /* NotificationData.swift */ = {isa = PBXFileReference; lastKnownFileType = sourcecode.swift; path = NotificationData.swift; sourceTree = "<group>"; };
		BD0D95CA2D3A3584000EC12E /* NotificationViewModel.swift */ = {isa = PBXFileReference; lastKnownFileType = sourcecode.swift; path = NotificationViewModel.swift; sourceTree = "<group>"; };
		BD0D95CC2D3A3903000EC12E /* NotificationCell.swift */ = {isa = PBXFileReference; lastKnownFileType = sourcecode.swift; path = NotificationCell.swift; sourceTree = "<group>"; };
		BD0D95CE2D3A4E6E000EC12E /* OfferNotificationViewModel.swift */ = {isa = PBXFileReference; lastKnownFileType = sourcecode.swift; path = OfferNotificationViewModel.swift; sourceTree = "<group>"; };
		BD0D95D02D3A4E9C000EC12E /* OfferNotificationData.swift */ = {isa = PBXFileReference; lastKnownFileType = sourcecode.swift; path = OfferNotificationData.swift; sourceTree = "<group>"; };
		BD0D95D22D3A5265000EC12E /* NotificationSectionHeader.swift */ = {isa = PBXFileReference; lastKnownFileType = sourcecode.swift; path = NotificationSectionHeader.swift; sourceTree = "<group>"; };
		BD0D95D42D3A52FF000EC12E /* OffersCell.swift */ = {isa = PBXFileReference; lastKnownFileType = sourcecode.swift; path = OffersCell.swift; sourceTree = "<group>"; };
		BD5687A12D3E146300F89DFC /* OrderandReturn.swift */ = {isa = PBXFileReference; lastKnownFileType = sourcecode.swift; path = OrderandReturn.swift; sourceTree = "<group>"; };
		BD5687A32D3E1BBA00F89DFC /* FloatingTextField.swift */ = {isa = PBXFileReference; lastKnownFileType = sourcecode.swift; path = FloatingTextField.swift; sourceTree = "<group>"; };
		BD5687A52D3E20C800F89DFC /* OrderFormData.swift */ = {isa = PBXFileReference; lastKnownFileType = sourcecode.swift; path = OrderFormData.swift; sourceTree = "<group>"; };
		BD5687A72D3E20DB00F89DFC /* OrderFormViewModel.swift */ = {isa = PBXFileReference; lastKnownFileType = sourcecode.swift; path = OrderFormViewModel.swift; sourceTree = "<group>"; };
		BD5687A92D3E218300F89DFC /* DropdownPicker.swift */ = {isa = PBXFileReference; lastKnownFileType = sourcecode.swift; path = DropdownPicker.swift; sourceTree = "<group>"; };
		BD5687AB2D3E284B00F89DFC /* CommonButton.swift */ = {isa = PBXFileReference; lastKnownFileType = sourcecode.swift; path = CommonButton.swift; sourceTree = "<group>"; };
		BD5687AD2D3E2D6500F89DFC /* ValidationManager.swift */ = {isa = PBXFileReference; lastKnownFileType = sourcecode.swift; path = ValidationManager.swift; sourceTree = "<group>"; };
		BD5687AF2D3E2EB600F89DFC /* AlertManager.swift */ = {isa = PBXFileReference; lastKnownFileType = sourcecode.swift; path = AlertManager.swift; sourceTree = "<group>"; };
		BD5687B72D3E466E00F89DFC /* UserDetails.swift */ = {isa = PBXFileReference; lastKnownFileType = sourcecode.swift; path = UserDetails.swift; sourceTree = "<group>"; };
		BD5687B92D3E473000F89DFC /* UserDetailsData.swift */ = {isa = PBXFileReference; lastKnownFileType = sourcecode.swift; path = UserDetailsData.swift; sourceTree = "<group>"; };
		BD5687BB2D3E473E00F89DFC /* UserDetailsViewModel.swift */ = {isa = PBXFileReference; lastKnownFileType = sourcecode.swift; path = UserDetailsViewModel.swift; sourceTree = "<group>"; };
		BD5687BD2D3E527200F89DFC /* TimePicker.swift */ = {isa = PBXFileReference; lastKnownFileType = sourcecode.swift; path = TimePicker.swift; sourceTree = "<group>"; };
		BDE254152D395B6A002F5D0E /* DemoApp.app */ = {isa = PBXFileReference; explicitFileType = wrapper.application; includeInIndex = 0; path = DemoApp.app; sourceTree = BUILT_PRODUCTS_DIR; };
		BDE254182D395B6A002F5D0E /* DemoAppApp.swift */ = {isa = PBXFileReference; lastKnownFileType = sourcecode.swift; path = DemoAppApp.swift; sourceTree = "<group>"; };
		BDE2541A2D395B6A002F5D0E /* ContentView.swift */ = {isa = PBXFileReference; lastKnownFileType = sourcecode.swift; path = ContentView.swift; sourceTree = "<group>"; };
		BDE2541C2D395B6C002F5D0E /* Assets.xcassets */ = {isa = PBXFileReference; lastKnownFileType = folder.assetcatalog; path = Assets.xcassets; sourceTree = "<group>"; };
		BDE2541F2D395B6C002F5D0E /* Preview Assets.xcassets */ = {isa = PBXFileReference; lastKnownFileType = folder.assetcatalog; path = "Preview Assets.xcassets"; sourceTree = "<group>"; };
		BDE2542D2D395F77002F5D0E /* AppRoute.swift */ = {isa = PBXFileReference; lastKnownFileType = sourcecode.swift; path = AppRoute.swift; sourceTree = "<group>"; };
		BDE2542F2D395FB9002F5D0E /* NavigationService.swift */ = {isa = PBXFileReference; lastKnownFileType = sourcecode.swift; path = NavigationService.swift; sourceTree = "<group>"; };
		BDE254392D396192002F5D0E /* WinnerList.swift */ = {isa = PBXFileReference; lastKnownFileType = sourcecode.swift; path = WinnerList.swift; sourceTree = "<group>"; };
		BDE2543B2D3961B7002F5D0E /* WinnerDetails.swift */ = {isa = PBXFileReference; lastKnownFileType = sourcecode.swift; path = WinnerDetails.swift; sourceTree = "<group>"; };
		BDE2543D2D39679F002F5D0E /* Info.plist */ = {isa = PBXFileReference; lastKnownFileType = text.plist; path = Info.plist; sourceTree = "<group>"; };
		BDE254402D396CE3002F5D0E /* FontConstant.swift */ = {isa = PBXFileReference; lastKnownFileType = sourcecode.swift; path = FontConstant.swift; sourceTree = "<group>"; };
		BDE254422D396D9D002F5D0E /* AppConstant.swift */ = {isa = PBXFileReference; lastKnownFileType = sourcecode.swift; path = AppConstant.swift; sourceTree = "<group>"; };
		BDE254452D396E2C002F5D0E /* Text + Extensions.swift */ = {isa = PBXFileReference; lastKnownFileType = sourcecode.swift; path = "Text + Extensions.swift"; sourceTree = "<group>"; };
		BDE254472D396F59002F5D0E /* Color + Extensions.swift */ = {isa = PBXFileReference; lastKnownFileType = sourcecode.swift; path = "Color + Extensions.swift"; sourceTree = "<group>"; };
		BDE2544A2D397036002F5D0E /* Text + Modifier.swift */ = {isa = PBXFileReference; lastKnownFileType = sourcecode.swift; path = "Text + Modifier.swift"; sourceTree = "<group>"; };
		BDE2544F2D3976DD002F5D0E /* CustomHeader.swift */ = {isa = PBXFileReference; lastKnownFileType = sourcecode.swift; path = CustomHeader.swift; sourceTree = "<group>"; };
		BDE254512D39785B002F5D0E /* ImageConstant.swift */ = {isa = PBXFileReference; lastKnownFileType = sourcecode.swift; path = ImageConstant.swift; sourceTree = "<group>"; };
		BDE254542D397B00002F5D0E /* Almarai-Light.ttf */ = {isa = PBXFileReference; lastKnownFileType = file; path = "Almarai-Light.ttf"; sourceTree = "<group>"; };
		BDE254552D397B00002F5D0E /* Almarai-Regular.ttf */ = {isa = PBXFileReference; lastKnownFileType = file; path = "Almarai-Regular.ttf"; sourceTree = "<group>"; };
		BDE254562D397B00002F5D0E /* Almarai-Bold.ttf */ = {isa = PBXFileReference; lastKnownFileType = file; path = "Almarai-Bold.ttf"; sourceTree = "<group>"; };
		BDE254572D397B00002F5D0E /* Almarai-ExtraBold.ttf */ = {isa = PBXFileReference; lastKnownFileType = file; path = "Almarai-ExtraBold.ttf"; sourceTree = "<group>"; };
		BDE2545C2D39800C002F5D0E /* WinnerListData.swift */ = {isa = PBXFileReference; lastKnownFileType = sourcecode.swift; path = WinnerListData.swift; sourceTree = "<group>"; };
		BDE2545E2D398092002F5D0E /* WinnerListViewModel.swift */ = {isa = PBXFileReference; lastKnownFileType = sourcecode.swift; path = WinnerListViewModel.swift; sourceTree = "<group>"; };
		BDE254602D398170002F5D0E /* WinnerRowView.swift */ = {isa = PBXFileReference; lastKnownFileType = sourcecode.swift; path = WinnerRowView.swift; sourceTree = "<group>"; };
/* End PBXFileReference section */

/* Begin PBXFrameworksBuildPhase section */
		BDE254122D395B6A002F5D0E /* Frameworks */ = {
			isa = PBXFrameworksBuildPhase;
			buildActionMask = 2147483647;
			files = (
			);
			runOnlyForDeploymentPostprocessing = 0;
		};
/* End PBXFrameworksBuildPhase section */

/* Begin PBXGroup section */
		BD0D95C22D3A2FEA000EC12E /* Notification */ = {
			isa = PBXGroup;
			children = (
				BD0D95C32D3A2FF1000EC12E /* Model */,
				BD0D95C42D3A2FF8000EC12E /* ViewModel */,
				BD0D95C52D3A2FFE000EC12E /* View */,
			);
			path = Notification;
			sourceTree = "<group>";
		};
		BD0D95C32D3A2FF1000EC12E /* Model */ = {
			isa = PBXGroup;
			children = (
				BD0D95C82D3A3578000EC12E /* NotificationData.swift */,
				BD0D95D02D3A4E9C000EC12E /* OfferNotificationData.swift */,
			);
			path = Model;
			sourceTree = "<group>";
		};
		BD0D95C42D3A2FF8000EC12E /* ViewModel */ = {
			isa = PBXGroup;
			children = (
				BD0D95CA2D3A3584000EC12E /* NotificationViewModel.swift */,
				BD0D95CE2D3A4E6E000EC12E /* OfferNotificationViewModel.swift */,
			);
			path = ViewModel;
			sourceTree = "<group>";
		};
		BD0D95C52D3A2FFE000EC12E /* View */ = {
			isa = PBXGroup;
			children = (
				BD0D95D62D3A5FAE000EC12E /* Cell */,
				BD0D95C62D3A3024000EC12E /* Notification.swift */,
			);
			path = View;
			sourceTree = "<group>";
		};
		BD0D95D62D3A5FAE000EC12E /* Cell */ = {
			isa = PBXGroup;
			children = (
				BD0D95D22D3A5265000EC12E /* NotificationSectionHeader.swift */,
				BD0D95CC2D3A3903000EC12E /* NotificationCell.swift */,
				BD0D95D42D3A52FF000EC12E /* OffersCell.swift */,
			);
			path = Cell;
			sourceTree = "<group>";
		};
		BD56879D2D3E129400F89DFC /* OrderReturnForm */ = {
			isa = PBXGroup;
			children = (
				BD56879E2D3E133600F89DFC /* Model */,
				BD56879F2D3E133C00F89DFC /* ViewModel */,
				BD5687A02D3E134300F89DFC /* View */,
			);
			path = OrderReturnForm;
			sourceTree = "<group>";
		};
		BD56879E2D3E133600F89DFC /* Model */ = {
			isa = PBXGroup;
			children = (
				BD5687A52D3E20C800F89DFC /* OrderFormData.swift */,
			);
			path = Model;
			sourceTree = "<group>";
		};
		BD56879F2D3E133C00F89DFC /* ViewModel */ = {
			isa = PBXGroup;
			children = (
				BD5687A72D3E20DB00F89DFC /* OrderFormViewModel.swift */,
			);
			path = ViewModel;
			sourceTree = "<group>";
		};
		BD5687A02D3E134300F89DFC /* View */ = {
			isa = PBXGroup;
			children = (
				BD5687A12D3E146300F89DFC /* OrderandReturn.swift */,
			);
			path = View;
			sourceTree = "<group>";
		};
		BD5687B12D3E45E400F89DFC /* UserDetails */ = {
			isa = PBXGroup;
			children = (
				BD5687B42D3E463A00F89DFC /* Model */,
				BD5687B32D3E463500F89DFC /* ViewModel */,
				BD5687B22D3E463100F89DFC /* View */,
			);
			path = UserDetails;
			sourceTree = "<group>";
		};
		BD5687B22D3E463100F89DFC /* View */ = {
			isa = PBXGroup;
			children = (
				BD5687B72D3E466E00F89DFC /* UserDetails.swift */,
			);
			path = View;
			sourceTree = "<group>";
		};
		BD5687B32D3E463500F89DFC /* ViewModel */ = {
			isa = PBXGroup;
			children = (
				BD5687BB2D3E473E00F89DFC /* UserDetailsViewModel.swift */,
			);
			path = ViewModel;
			sourceTree = "<group>";
		};
		BD5687B42D3E463A00F89DFC /* Model */ = {
			isa = PBXGroup;
			children = (
				BD5687B92D3E473000F89DFC /* UserDetailsData.swift */,
			);
			path = Model;
			sourceTree = "<group>";
		};
		BDE2540C2D395B6A002F5D0E = {
			isa = PBXGroup;
			children = (
				BDE254172D395B6A002F5D0E /* DemoApp */,
				BDE254162D395B6A002F5D0E /* Products */,
			);
			sourceTree = "<group>";
		};
		BDE254162D395B6A002F5D0E /* Products */ = {
			isa = PBXGroup;
			children = (
				BDE254152D395B6A002F5D0E /* DemoApp.app */,
			);
			name = Products;
			sourceTree = "<group>";
		};
		BDE254172D395B6A002F5D0E /* DemoApp */ = {
			isa = PBXGroup;
			children = (
				BDE2543D2D39679F002F5D0E /* Info.plist */,
				BDE2542B2D395D4F002F5D0E /* Resource */,
				BDE2542A2D395D2E002F5D0E /* Uitility */,
				BDE254292D395CC6002F5D0E /* Helpers */,
				BDE254272D395CBB002F5D0E /* Module */,
				BDE254282D395CBE002F5D0E /* Services */,
				BDE254262D395CB8002F5D0E /* App */,
				BDE2541A2D395B6A002F5D0E /* ContentView.swift */,
				BDE2541E2D395B6C002F5D0E /* Preview Content */,
			);
			path = DemoApp;
			sourceTree = "<group>";
		};
		BDE2541E2D395B6C002F5D0E /* Preview Content */ = {
			isa = PBXGroup;
			children = (
				BDE2541F2D395B6C002F5D0E /* Preview Assets.xcassets */,
			);
			path = "Preview Content";
			sourceTree = "<group>";
		};
		BDE254262D395CB8002F5D0E /* App */ = {
			isa = PBXGroup;
			children = (
				BDE254182D395B6A002F5D0E /* DemoAppApp.swift */,
			);
			path = App;
			sourceTree = "<group>";
		};
		BDE254272D395CBB002F5D0E /* Module */ = {
			isa = PBXGroup;
			children = (
				BD5687B12D3E45E400F89DFC /* UserDetails */,
				BD56879D2D3E129400F89DFC /* OrderReturnForm */,
				BD0D95C22D3A2FEA000EC12E /* Notification */,
				BDE254322D39610B002F5D0E /* WinnerDetails */,
				BDE254312D39609C002F5D0E /* WinnerList */,
			);
			path = Module;
			sourceTree = "<group>";
		};
		BDE254282D395CBE002F5D0E /* Services */ = {
			isa = PBXGroup;
			children = (
				BDE2542C2D395F66002F5D0E /* enum */,
				BDE2542F2D395FB9002F5D0E /* NavigationService.swift */,
			);
			path = Services;
			sourceTree = "<group>";
		};
		BDE254292D395CC6002F5D0E /* Helpers */ = {
			isa = PBXGroup;
			children = (
				BDE2544E2D3976BF002F5D0E /* CommonView */,
				BDE254492D397029002F5D0E /* Modifiers */,
				BDE254442D396E20002F5D0E /* Extensions */,
				BDE2543E2D396CC3002F5D0E /* Constant */,
			);
			path = Helpers;
			sourceTree = "<group>";
		};
		BDE2542A2D395D2E002F5D0E /* Uitility */ = {
			isa = PBXGroup;
			children = (
				BD5687AD2D3E2D6500F89DFC /* ValidationManager.swift */,
			);
			path = Uitility;
			sourceTree = "<group>";
		};
		BDE2542B2D395D4F002F5D0E /* Resource */ = {
			isa = PBXGroup;
			children = (
				BDE254532D397AED002F5D0E /* Fonts */,
				BDE2541C2D395B6C002F5D0E /* Assets.xcassets */,
			);
			path = Resource;
			sourceTree = "<group>";
		};
		BDE2542C2D395F66002F5D0E /* enum */ = {
			isa = PBXGroup;
			children = (
				BDE2542D2D395F77002F5D0E /* AppRoute.swift */,
			);
			path = enum;
			sourceTree = "<group>";
		};
		BDE254312D39609C002F5D0E /* WinnerList */ = {
			isa = PBXGroup;
			children = (
				BDE254372D39614F002F5D0E /* Model */,
				BDE254382D396153002F5D0E /* ViewModel */,
				BDE254342D396140002F5D0E /* View */,
			);
			path = WinnerList;
			sourceTree = "<group>";
		};
		BDE254322D39610B002F5D0E /* WinnerDetails */ = {
			isa = PBXGroup;
			children = (
				BDE254352D396145002F5D0E /* Model */,
				BDE254362D39614A002F5D0E /* ViewModel */,
				BDE254332D39613A002F5D0E /* View */,
			);
			path = WinnerDetails;
			sourceTree = "<group>";
		};
		BDE254332D39613A002F5D0E /* View */ = {
			isa = PBXGroup;
			children = (
				BDE2543B2D3961B7002F5D0E /* WinnerDetails.swift */,
			);
			path = View;
			sourceTree = "<group>";
		};
		BDE254342D396140002F5D0E /* View */ = {
			isa = PBXGroup;
			children = (
				BDE254392D396192002F5D0E /* WinnerList.swift */,
				BDE254602D398170002F5D0E /* WinnerRowView.swift */,
			);
			path = View;
			sourceTree = "<group>";
		};
		BDE254352D396145002F5D0E /* Model */ = {
			isa = PBXGroup;
			children = (
				BD0D95C02D3A2D48000EC12E /* winnerDetailData.swift */,
			);
			path = Model;
			sourceTree = "<group>";
		};
		BDE254362D39614A002F5D0E /* ViewModel */ = {
			isa = PBXGroup;
			children = (
			);
			path = ViewModel;
			sourceTree = "<group>";
		};
		BDE254372D39614F002F5D0E /* Model */ = {
			isa = PBXGroup;
			children = (
				BDE2545C2D39800C002F5D0E /* WinnerListData.swift */,
			);
			path = Model;
			sourceTree = "<group>";
		};
		BDE254382D396153002F5D0E /* ViewModel */ = {
			isa = PBXGroup;
			children = (
				BDE2545E2D398092002F5D0E /* WinnerListViewModel.swift */,
			);
			path = ViewModel;
			sourceTree = "<group>";
		};
		BDE2543E2D396CC3002F5D0E /* Constant */ = {
			isa = PBXGroup;
			children = (
				BDE254512D39785B002F5D0E /* ImageConstant.swift */,
				BDE254402D396CE3002F5D0E /* FontConstant.swift */,
				BDE254422D396D9D002F5D0E /* AppConstant.swift */,
			);
			path = Constant;
			sourceTree = "<group>";
		};
		BDE254442D396E20002F5D0E /* Extensions */ = {
			isa = PBXGroup;
			children = (
				BDE254452D396E2C002F5D0E /* Text + Extensions.swift */,
				BDE254472D396F59002F5D0E /* Color + Extensions.swift */,
			);
			path = Extensions;
			sourceTree = "<group>";
		};
		BDE254492D397029002F5D0E /* Modifiers */ = {
			isa = PBXGroup;
			children = (
				BDE2544A2D397036002F5D0E /* Text + Modifier.swift */,
			);
			path = Modifiers;
			sourceTree = "<group>";
		};
		BDE2544E2D3976BF002F5D0E /* CommonView */ = {
			isa = PBXGroup;
			children = (
				BDE2544F2D3976DD002F5D0E /* CustomHeader.swift */,
				BD5687A32D3E1BBA00F89DFC /* FloatingTextField.swift */,
				BD5687A92D3E218300F89DFC /* DropdownPicker.swift */,
				BD5687AB2D3E284B00F89DFC /* CommonButton.swift */,
				BD5687AF2D3E2EB600F89DFC /* AlertManager.swift */,
				BD5687BD2D3E527200F89DFC /* TimePicker.swift */,
			);
			path = CommonView;
			sourceTree = "<group>";
		};
		BDE254532D397AED002F5D0E /* Fonts */ = {
			isa = PBXGroup;
			children = (
				BDE254562D397B00002F5D0E /* Almarai-Bold.ttf */,
				BDE254572D397B00002F5D0E /* Almarai-ExtraBold.ttf */,
				BDE254542D397B00002F5D0E /* Almarai-Light.ttf */,
				BDE254552D397B00002F5D0E /* Almarai-Regular.ttf */,
			);
			path = Fonts;
			sourceTree = "<group>";
		};
/* End PBXGroup section */

/* Begin PBXNativeTarget section */
		BDE254142D395B6A002F5D0E /* DemoApp */ = {
			isa = PBXNativeTarget;
			buildConfigurationList = BDE254232D395B6C002F5D0E /* Build configuration list for PBXNativeTarget "DemoApp" */;
			buildPhases = (
				BDE254112D395B6A002F5D0E /* Sources */,
				BDE254122D395B6A002F5D0E /* Frameworks */,
				BDE254132D395B6A002F5D0E /* Resources */,
			);
			buildRules = (
			);
			dependencies = (
			);
			name = DemoApp;
			productName = DemoApp;
			productReference = BDE254152D395B6A002F5D0E /* DemoApp.app */;
			productType = "com.apple.product-type.application";
		};
/* End PBXNativeTarget section */

/* Begin PBXProject section */
		BDE2540D2D395B6A002F5D0E /* Project object */ = {
			isa = PBXProject;
			attributes = {
				BuildIndependentTargetsInParallel = 1;
				LastSwiftUpdateCheck = 1540;
				LastUpgradeCheck = 1540;
				TargetAttributes = {
					BDE254142D395B6A002F5D0E = {
						CreatedOnToolsVersion = 15.4;
					};
				};
			};
			buildConfigurationList = BDE254102D395B6A002F5D0E /* Build configuration list for PBXProject "DemoApp" */;
			compatibilityVersion = "Xcode 14.0";
			developmentRegion = en;
			hasScannedForEncodings = 0;
			knownRegions = (
				en,
				Base,
			);
			mainGroup = BDE2540C2D395B6A002F5D0E;
			productRefGroup = BDE254162D395B6A002F5D0E /* Products */;
			projectDirPath = "";
			projectRoot = "";
			targets = (
				BDE254142D395B6A002F5D0E /* DemoApp */,
			);
		};
/* End PBXProject section */

/* Begin PBXResourcesBuildPhase section */
		BDE254132D395B6A002F5D0E /* Resources */ = {
			isa = PBXResourcesBuildPhase;
			buildActionMask = 2147483647;
			files = (
				BDE254582D397D31002F5D0E /* Almarai-Bold.ttf in Resources */,
				BDE254592D397D31002F5D0E /* Almarai-ExtraBold.ttf in Resources */,
				BDE2545A2D397D31002F5D0E /* Almarai-Light.ttf in Resources */,
				BDE2545B2D397D31002F5D0E /* Almarai-Regular.ttf in Resources */,
				BDE254202D395B6C002F5D0E /* Preview Assets.xcassets in Resources */,
				BDE2541D2D395B6C002F5D0E /* Assets.xcassets in Resources */,
			);
			runOnlyForDeploymentPostprocessing = 0;
		};
/* End PBXResourcesBuildPhase section */

/* Begin PBXSourcesBuildPhase section */
		BDE254112D395B6A002F5D0E /* Sources */ = {
			isa = PBXSourcesBuildPhase;
			buildActionMask = 2147483647;
			files = (
				BDE2545F2D398092002F5D0E /* WinnerListViewModel.swift in Sources */,
				BD0D95CB2D3A3584000EC12E /* NotificationViewModel.swift in Sources */,
				BD5687BC2D3E473E00F89DFC /* UserDetailsViewModel.swift in Sources */,
				BD5687A22D3E146300F89DFC /* OrderandReturn.swift in Sources */,
				BDE2541B2D395B6A002F5D0E /* ContentView.swift in Sources */,
				BD5687AA2D3E218300F89DFC /* DropdownPicker.swift in Sources */,
				BD0D95C72D3A3024000EC12E /* Notification.swift in Sources */,
				BDE254192D395B6A002F5D0E /* DemoAppApp.swift in Sources */,
				BDE2545D2D39800C002F5D0E /* WinnerListData.swift in Sources */,
				BD5687BE2D3E527200F89DFC /* TimePicker.swift in Sources */,
				BDE254612D398170002F5D0E /* WinnerRowView.swift in Sources */,
				BD0D95D32D3A5265000EC12E /* NotificationSectionHeader.swift in Sources */,
				BDE2544B2D397036002F5D0E /* Text + Modifier.swift in Sources */,
				BDE2542E2D395F77002F5D0E /* AppRoute.swift in Sources */,
				BD5687A82D3E20DB00F89DFC /* OrderFormViewModel.swift in Sources */,
				BD0D95C92D3A3578000EC12E /* NotificationData.swift in Sources */,
				BDE254412D396CE3002F5D0E /* FontConstant.swift in Sources */,
				BD5687B82D3E466E00F89DFC /* UserDetails.swift in Sources */,
				BD5687A42D3E1BBB00F89DFC /* FloatingTextField.swift in Sources */,
				BDE2543C2D3961B7002F5D0E /* WinnerDetails.swift in Sources */,
				BDE254522D39785B002F5D0E /* ImageConstant.swift in Sources */,
				BD5687A62D3E20C800F89DFC /* OrderFormData.swift in Sources */,
				BD0D95CD2D3A3903000EC12E /* NotificationCell.swift in Sources */,
				BD0D95D52D3A52FF000EC12E /* OffersCell.swift in Sources */,
				BDE254482D396F59002F5D0E /* Color + Extensions.swift in Sources */,
				BDE2543A2D396192002F5D0E /* WinnerList.swift in Sources */,
				BD5687B02D3E2EB600F89DFC /* AlertManager.swift in Sources */,
				BDE254302D395FB9002F5D0E /* NavigationService.swift in Sources */,
				BD5687AE2D3E2D6500F89DFC /* ValidationManager.swift in Sources */,
				BDE254462D396E2C002F5D0E /* Text + Extensions.swift in Sources */,
				BD5687BA2D3E473000F89DFC /* UserDetailsData.swift in Sources */,
				BD5687AC2D3E284B00F89DFC /* CommonButton.swift in Sources */,
				BD0D95C12D3A2D48000EC12E /* winnerDetailData.swift in Sources */,
				BDE254432D396D9D002F5D0E /* AppConstant.swift in Sources */,
				BD0D95D12D3A4E9C000EC12E /* OfferNotificationData.swift in Sources */,
				BD0D95CF2D3A4E6E000EC12E /* OfferNotificationViewModel.swift in Sources */,
				BDE254502D3976DD002F5D0E /* CustomHeader.swift in Sources */,
			);
			runOnlyForDeploymentPostprocessing = 0;
		};
/* End PBXSourcesBuildPhase section */

/* Begin XCBuildConfiguration section */
		BDE254212D395B6C002F5D0E /* Debug */ = {
			isa = XCBuildConfiguration;
			buildSettings = {
				ALWAYS_SEARCH_USER_PATHS = NO;
				ASSETCATALOG_COMPILER_GENERATE_SWIFT_ASSET_SYMBOL_EXTENSIONS = YES;
				CLANG_ANALYZER_NONNULL = YES;
				CLANG_ANALYZER_NUMBER_OBJECT_CONVERSION = YES_AGGRESSIVE;
				CLANG_CXX_LANGUAGE_STANDARD = "gnu++20";
				CLANG_ENABLE_MODULES = YES;
				CLANG_ENABLE_OBJC_ARC = YES;
				CLANG_ENABLE_OBJC_WEAK = YES;
				CLANG_WARN_BLOCK_CAPTURE_AUTORELEASING = YES;
				CLANG_WARN_BOOL_CONVERSION = YES;
				CLANG_WARN_COMMA = YES;
				CLANG_WARN_CONSTANT_CONVERSION = YES;
				CLANG_WARN_DEPRECATED_OBJC_IMPLEMENTATIONS = YES;
				CLANG_WARN_DIRECT_OBJC_ISA_USAGE = YES_ERROR;
				CLANG_WARN_DOCUMENTATION_COMMENTS = YES;
				CLANG_WARN_EMPTY_BODY = YES;
				CLANG_WARN_ENUM_CONVERSION = YES;
				CLANG_WARN_INFINITE_RECURSION = YES;
				CLANG_WARN_INT_CONVERSION = YES;
				CLANG_WARN_NON_LITERAL_NULL_CONVERSION = YES;
				CLANG_WARN_OBJC_IMPLICIT_RETAIN_SELF = YES;
				CLANG_WARN_OBJC_LITERAL_CONVERSION = YES;
				CLANG_WARN_OBJC_ROOT_CLASS = YES_ERROR;
				CLANG_WARN_QUOTED_INCLUDE_IN_FRAMEWORK_HEADER = YES;
				CLANG_WARN_RANGE_LOOP_ANALYSIS = YES;
				CLANG_WARN_STRICT_PROTOTYPES = YES;
				CLANG_WARN_SUSPICIOUS_MOVE = YES;
				CLANG_WARN_UNGUARDED_AVAILABILITY = YES_AGGRESSIVE;
				CLANG_WARN_UNREACHABLE_CODE = YES;
				CLANG_WARN__DUPLICATE_METHOD_MATCH = YES;
				COPY_PHASE_STRIP = NO;
				DEBUG_INFORMATION_FORMAT = dwarf;
				ENABLE_STRICT_OBJC_MSGSEND = YES;
				ENABLE_TESTABILITY = YES;
				ENABLE_USER_SCRIPT_SANDBOXING = YES;
				GCC_C_LANGUAGE_STANDARD = gnu17;
				GCC_DYNAMIC_NO_PIC = NO;
				GCC_NO_COMMON_BLOCKS = YES;
				GCC_OPTIMIZATION_LEVEL = 0;
				GCC_PREPROCESSOR_DEFINITIONS = (
					"DEBUG=1",
					"$(inherited)",
				);
				GCC_WARN_64_TO_32_BIT_CONVERSION = YES;
				GCC_WARN_ABOUT_RETURN_TYPE = YES_ERROR;
				GCC_WARN_UNDECLARED_SELECTOR = YES;
				GCC_WARN_UNINITIALIZED_AUTOS = YES_AGGRESSIVE;
				GCC_WARN_UNUSED_FUNCTION = YES;
				GCC_WARN_UNUSED_VARIABLE = YES;
				IPHONEOS_DEPLOYMENT_TARGET = 17.5;
				LOCALIZATION_PREFERS_STRING_CATALOGS = YES;
				MTL_ENABLE_DEBUG_INFO = INCLUDE_SOURCE;
				MTL_FAST_MATH = YES;
				ONLY_ACTIVE_ARCH = YES;
				SDKROOT = iphoneos;
				SWIFT_ACTIVE_COMPILATION_CONDITIONS = "DEBUG $(inherited)";
				SWIFT_OPTIMIZATION_LEVEL = "-Onone";
			};
			name = Debug;
		};
		BDE254222D395B6C002F5D0E /* Release */ = {
			isa = XCBuildConfiguration;
			buildSettings = {
				ALWAYS_SEARCH_USER_PATHS = NO;
				ASSETCATALOG_COMPILER_GENERATE_SWIFT_ASSET_SYMBOL_EXTENSIONS = YES;
				CLANG_ANALYZER_NONNULL = YES;
				CLANG_ANALYZER_NUMBER_OBJECT_CONVERSION = YES_AGGRESSIVE;
				CLANG_CXX_LANGUAGE_STANDARD = "gnu++20";
				CLANG_ENABLE_MODULES = YES;
				CLANG_ENABLE_OBJC_ARC = YES;
				CLANG_ENABLE_OBJC_WEAK = YES;
				CLANG_WARN_BLOCK_CAPTURE_AUTORELEASING = YES;
				CLANG_WARN_BOOL_CONVERSION = YES;
				CLANG_WARN_COMMA = YES;
				CLANG_WARN_CONSTANT_CONVERSION = YES;
				CLANG_WARN_DEPRECATED_OBJC_IMPLEMENTATIONS = YES;
				CLANG_WARN_DIRECT_OBJC_ISA_USAGE = YES_ERROR;
				CLANG_WARN_DOCUMENTATION_COMMENTS = YES;
				CLANG_WARN_EMPTY_BODY = YES;
				CLANG_WARN_ENUM_CONVERSION = YES;
				CLANG_WARN_INFINITE_RECURSION = YES;
				CLANG_WARN_INT_CONVERSION = YES;
				CLANG_WARN_NON_LITERAL_NULL_CONVERSION = YES;
				CLANG_WARN_OBJC_IMPLICIT_RETAIN_SELF = YES;
				CLANG_WARN_OBJC_LITERAL_CONVERSION = YES;
				CLANG_WARN_OBJC_ROOT_CLASS = YES_ERROR;
				CLANG_WARN_QUOTED_INCLUDE_IN_FRAMEWORK_HEADER = YES;
				CLANG_WARN_RANGE_LOOP_ANALYSIS = YES;
				CLANG_WARN_STRICT_PROTOTYPES = YES;
				CLANG_WARN_SUSPICIOUS_MOVE = YES;
				CLANG_WARN_UNGUARDED_AVAILABILITY = YES_AGGRESSIVE;
				CLANG_WARN_UNREACHABLE_CODE = YES;
				CLANG_WARN__DUPLICATE_METHOD_MATCH = YES;
				COPY_PHASE_STRIP = NO;
				DEBUG_INFORMATION_FORMAT = "dwarf-with-dsym";
				ENABLE_NS_ASSERTIONS = NO;
				ENABLE_STRICT_OBJC_MSGSEND = YES;
				ENABLE_USER_SCRIPT_SANDBOXING = YES;
				GCC_C_LANGUAGE_STANDARD = gnu17;
				GCC_NO_COMMON_BLOCKS = YES;
				GCC_WARN_64_TO_32_BIT_CONVERSION = YES;
				GCC_WARN_ABOUT_RETURN_TYPE = YES_ERROR;
				GCC_WARN_UNDECLARED_SELECTOR = YES;
				GCC_WARN_UNINITIALIZED_AUTOS = YES_AGGRESSIVE;
				GCC_WARN_UNUSED_FUNCTION = YES;
				GCC_WARN_UNUSED_VARIABLE = YES;
				IPHONEOS_DEPLOYMENT_TARGET = 17.5;
				LOCALIZATION_PREFERS_STRING_CATALOGS = YES;
				MTL_ENABLE_DEBUG_INFO = NO;
				MTL_FAST_MATH = YES;
				SDKROOT = iphoneos;
				SWIFT_COMPILATION_MODE = wholemodule;
				VALIDATE_PRODUCT = YES;
			};
			name = Release;
		};
		BDE254242D395B6C002F5D0E /* Debug */ = {
			isa = XCBuildConfiguration;
			buildSettings = {
				ASSETCATALOG_COMPILER_APPICON_NAME = AppIcon;
				ASSETCATALOG_COMPILER_GLOBAL_ACCENT_COLOR_NAME = AccentColor;
				CODE_SIGN_STYLE = Automatic;
				CURRENT_PROJECT_VERSION = 1;
				DEVELOPMENT_ASSET_PATHS = "\"DemoApp/Preview Content\"";
				ENABLE_PREVIEWS = YES;
				GENERATE_INFOPLIST_FILE = YES;
				INFOPLIST_FILE = DemoApp/Info.plist;
				INFOPLIST_KEY_UIApplicationSceneManifest_Generation = YES;
				INFOPLIST_KEY_UIApplicationSupportsIndirectInputEvents = YES;
				INFOPLIST_KEY_UILaunchScreen_Generation = YES;
				INFOPLIST_KEY_UISupportedInterfaceOrientations_iPad = "UIInterfaceOrientationPortrait UIInterfaceOrientationPortraitUpsideDown UIInterfaceOrientationLandscapeLeft UIInterfaceOrientationLandscapeRight";
				INFOPLIST_KEY_UISupportedInterfaceOrientations_iPhone = "UIInterfaceOrientationPortrait UIInterfaceOrientationLandscapeLeft UIInterfaceOrientationLandscapeRight";
				INFOPLIST_KEY_UIUserInterfaceStyle = Light;
				LD_RUNPATH_SEARCH_PATHS = (
					"$(inherited)",
					"@executable_path/Frameworks",
				);
				MARKETING_VERSION = 1.0;
				PRODUCT_BUNDLE_IDENTIFIER = com.DemoApp;
				PRODUCT_NAME = "$(TARGET_NAME)";
				SWIFT_EMIT_LOC_STRINGS = YES;
				SWIFT_VERSION = 5.0;
				TARGETED_DEVICE_FAMILY = "1,2";
			};
			name = Debug;
		};
		BDE254252D395B6C002F5D0E /* Release */ = {
			isa = XCBuildConfiguration;
			buildSettings = {
				ASSETCATALOG_COMPILER_APPICON_NAME = AppIcon;
				ASSETCATALOG_COMPILER_GLOBAL_ACCENT_COLOR_NAME = AccentColor;
				CODE_SIGN_STYLE = Automatic;
				CURRENT_PROJECT_VERSION = 1;
				DEVELOPMENT_ASSET_PATHS = "\"DemoApp/Preview Content\"";
				ENABLE_PREVIEWS = YES;
				GENERATE_INFOPLIST_FILE = YES;
				INFOPLIST_FILE = DemoApp/Info.plist;
				INFOPLIST_KEY_UIApplicationSceneManifest_Generation = YES;
				INFOPLIST_KEY_UIApplicationSupportsIndirectInputEvents = YES;
				INFOPLIST_KEY_UILaunchScreen_Generation = YES;
				INFOPLIST_KEY_UISupportedInterfaceOrientations_iPad = "UIInterfaceOrientationPortrait UIInterfaceOrientationPortraitUpsideDown UIInterfaceOrientationLandscapeLeft UIInterfaceOrientationLandscapeRight";
				INFOPLIST_KEY_UISupportedInterfaceOrientations_iPhone = "UIInterfaceOrientationPortrait UIInterfaceOrientationLandscapeLeft UIInterfaceOrientationLandscapeRight";
				INFOPLIST_KEY_UIUserInterfaceStyle = Light;
				LD_RUNPATH_SEARCH_PATHS = (
					"$(inherited)",
					"@executable_path/Frameworks",
				);
				MARKETING_VERSION = 1.0;
				PRODUCT_BUNDLE_IDENTIFIER = com.DemoApp;
				PRODUCT_NAME = "$(TARGET_NAME)";
				SWIFT_EMIT_LOC_STRINGS = YES;
				SWIFT_VERSION = 5.0;
				TARGETED_DEVICE_FAMILY = "1,2";
			};
			name = Release;
		};
/* End XCBuildConfiguration section */

/* Begin XCConfigurationList section */
		BDE254102D395B6A002F5D0E /* Build configuration list for PBXProject "DemoApp" */ = {
			isa = XCConfigurationList;
			buildConfigurations = (
				BDE254212D395B6C002F5D0E /* Debug */,
				BDE254222D395B6C002F5D0E /* Release */,
			);
			defaultConfigurationIsVisible = 0;
			defaultConfigurationName = Release;
		};
		BDE254232D395B6C002F5D0E /* Build configuration list for PBXNativeTarget "DemoApp" */ = {
			isa = XCConfigurationList;
			buildConfigurations = (
				BDE254242D395B6C002F5D0E /* Debug */,
				BDE254252D395B6C002F5D0E /* Release */,
			);
			defaultConfigurationIsVisible = 0;
			defaultConfigurationName = Release;
		};
/* End XCConfigurationList section */
	};
	rootObject = BDE2540D2D395B6A002F5D0E /* Project object */;
}
